{
  "name": "plugs",
  "version": "0.1.0",
  "lockfileVersion": 3,
  "requires": true,
  "packages": {
    "": {
      "name": "plugs",
      "version": "0.1.0",
      "hasInstallScript": true,
      "bin": {
        "plugs": "cli.js"
      },
      "engines": {
        "node": ">=16"
      }
    }
  }
}
